
Microsoft Visual Studio Solution File, Format Version 12.00
# Visual Studio Version 17
VisualStudioVersion = 17.4.33403.182
MinimumVisualStudioVersion = 10.0.40219.1
Project("{FAE04EC0-301F-11D3-BF4B-00C04F79EFBC}") = "TodoApi", "TodoApi\TodoApi.csproj", "{9AEA7B5A-A698-4654-B9F9-B3F710682D80}"
EndProject
Global
	GlobalSection(SolutionConfigurationPlatforms) = preSolution
		Debug|Any CPU = Debug|Any CPU
		Release|Any CPU = Release|Any CPU
	EndGlobalSection
	GlobalSection(ProjectConfigurationPlatforms) = postSolution
		{9AEA7B5A-A698-4654-B9F9-B3F710682D80}.Debug|Any CPU.ActiveCfg = Debug|Any CPU
		{9AEA7B5A-A698-4654-B9F9-B3F710682D80}.Debug|Any CPU.Build.0 = Debug|Any CPU
		{9AEA7B5A-A698-4654-B9F9-B3F710682D80}.Release|Any CPU.ActiveCfg = Release|Any CPU
		{9AEA7B5A-A698-4654-B9F9-B3F710682D80}.Release|Any CPU.Build.0 = Release|Any CPU
	EndGlobalSection
	GlobalSection(SolutionProperties) = preSolution
		HideSolutionNode = FALSE
	EndGlobalSection
	GlobalSection(ExtensibilityGlobals) = postSolution
		SolutionGuid = {5A54A367-F62D-4909-8F85-53D6B606BFD6}
	EndGlobalSection
EndGlobal
